
Microsoft Visual Studio Solution File, Format Version 12.00
# Visual Studio 2012
Project("{FAE04EC0-301F-11D3-BF4B-00C04F79EFBC}") = "WindowsFormsApplication1", "WindowsFormsApplication1\WindowsFormsApplication1.csproj", "{D8183AC5-77BC-4D34-9BDB-FDAA46E74E64}"
EndProject
Project("{FAE04EC0-301F-11D3-BF4B-00C04F79EFBC}") = "PPRetail", "PPRetail\PPRetail.csproj", "{BDAD8131-6B76-4227-A907-DAED0F884D6F}"
EndProject
Global
	GlobalSection(SolutionConfigurationPlatforms) = preSolution
		Debug|Any CPU = Debug|Any CPU
		Release|Any CPU = Release|Any CPU
	EndGlobalSection
	GlobalSection(ProjectConfigurationPlatforms) = postSolution
		{D8183AC5-77BC-4D34-9BDB-FDAA46E74E64}.Debug|Any CPU.ActiveCfg = Debug|Any CPU
		{D8183AC5-77BC-4D34-9BDB-FDAA46E74E64}.Debug|Any CPU.Build.0 = Debug|Any CPU
		{D8183AC5-77BC-4D34-9BDB-FDAA46E74E64}.Release|Any CPU.ActiveCfg = Release|Any CPU
		{D8183AC5-77BC-4D34-9BDB-FDAA46E74E64}.Release|Any CPU.Build.0 = Release|Any CPU
		{BDAD8131-6B76-4227-A907-DAED0F884D6F}.Debug|Any CPU.ActiveCfg = Debug|Any CPU
		{BDAD8131-6B76-4227-A907-DAED0F884D6F}.Debug|Any CPU.Build.0 = Debug|Any CPU
		{BDAD8131-6B76-4227-A907-DAED0F884D6F}.Release|Any CPU.ActiveCfg = Release|Any CPU
		{BDAD8131-6B76-4227-A907-DAED0F884D6F}.Release|Any CPU.Build.0 = Release|Any CPU
	EndGlobalSection
	GlobalSection(SolutionProperties) = preSolution
		HideSolutionNode = FALSE
	EndGlobalSection
EndGlobal
